
Microsoft Visual Studio Solution File, Format Version 11.00
# Visual Studio 2010
Project("{FAE04EC0-301F-11D3-BF4B-00C04F79EFBC}") = "1.HelloCSharp", "HelloCSharp\HelloCSharp\1.HelloCSharp.csproj", "{A956BE76-EC84-43EE-BA96-E654827E9B02}"
EndProject
Project("{FAE04EC0-301F-11D3-BF4B-00C04F79EFBC}") = "2.HelloRami", "HelloRami\HelloRami\2.HelloRami.csproj", "{2E3E2648-0DBC-4C39-AEC0-E4FDB12B8CC9}"
EndProject
Project("{FAE04EC0-301F-11D3-BF4B-00C04F79EFBC}") = "3.Numbers 1,101,1001", "Numbers11011001\Numbers11011001\3.Numbers 1,101,1001.csproj", "{126BBDCF-0726-42E4-9C77-00A141DCC408}"
EndProject
Project("{FAE04EC0-301F-11D3-BF4B-00C04F79EFBC}") = "4.FirstAndLastName", "FirstAndLastName\4.FirstAndLastName.csproj", "{A0511D03-0E04-4F85-8460-7BBEEFD39E61}"
EndProject
Project("{FAE04EC0-301F-11D3-BF4B-00C04F79EFBC}") = "5.DateandTime", "DateandTime\DateandTime\5.DateandTime.csproj", "{C035923D-0A16-4548-AC20-25B39B076FEA}"
EndProject
Project("{FAE04EC0-301F-11D3-BF4B-00C04F79EFBC}") = "6.SquareNumber", "SquareNumber\SquareNumber\6.SquareNumber.csproj", "{02C87092-F1D8-487F-822E-249053741B9F}"
EndProject
Project("{FAE04EC0-301F-11D3-BF4B-00C04F79EFBC}") = "7.FirstTenMemberOfSeq", "FirstTenMemberOfSeq\7.FirstTenMemberOfSeq.csproj", "{1EAB5502-B304-494A-872E-4D72ACDDE177}"
EndProject
Project("{FAE04EC0-301F-11D3-BF4B-00C04F79EFBC}") = "8.MyAgeAfteTenYears", "MyAgeAfteTenYears\MyAgeAfteTenYears\8.MyAgeAfteTenYears.csproj", "{3D016440-6691-453E-8B95-83A8AE398012}"
EndProject
Global
	GlobalSection(SolutionConfigurationPlatforms) = preSolution
		Debug|x86 = Debug|x86
		Release|x86 = Release|x86
	EndGlobalSection
	GlobalSection(ProjectConfigurationPlatforms) = postSolution
		{A956BE76-EC84-43EE-BA96-E654827E9B02}.Debug|x86.ActiveCfg = Debug|x86
		{A956BE76-EC84-43EE-BA96-E654827E9B02}.Debug|x86.Build.0 = Debug|x86
		{A956BE76-EC84-43EE-BA96-E654827E9B02}.Release|x86.ActiveCfg = Release|x86
		{A956BE76-EC84-43EE-BA96-E654827E9B02}.Release|x86.Build.0 = Release|x86
		{2E3E2648-0DBC-4C39-AEC0-E4FDB12B8CC9}.Debug|x86.ActiveCfg = Debug|x86
		{2E3E2648-0DBC-4C39-AEC0-E4FDB12B8CC9}.Debug|x86.Build.0 = Debug|x86
		{2E3E2648-0DBC-4C39-AEC0-E4FDB12B8CC9}.Release|x86.ActiveCfg = Release|x86
		{2E3E2648-0DBC-4C39-AEC0-E4FDB12B8CC9}.Release|x86.Build.0 = Release|x86
		{126BBDCF-0726-42E4-9C77-00A141DCC408}.Debug|x86.ActiveCfg = Debug|x86
		{126BBDCF-0726-42E4-9C77-00A141DCC408}.Debug|x86.Build.0 = Debug|x86
		{126BBDCF-0726-42E4-9C77-00A141DCC408}.Release|x86.ActiveCfg = Release|x86
		{126BBDCF-0726-42E4-9C77-00A141DCC408}.Release|x86.Build.0 = Release|x86
		{A0511D03-0E04-4F85-8460-7BBEEFD39E61}.Debug|x86.ActiveCfg = Debug|x86
		{A0511D03-0E04-4F85-8460-7BBEEFD39E61}.Debug|x86.Build.0 = Debug|x86
		{A0511D03-0E04-4F85-8460-7BBEEFD39E61}.Release|x86.ActiveCfg = Release|x86
		{A0511D03-0E04-4F85-8460-7BBEEFD39E61}.Release|x86.Build.0 = Release|x86
		{C035923D-0A16-4548-AC20-25B39B076FEA}.Debug|x86.ActiveCfg = Debug|x86
		{C035923D-0A16-4548-AC20-25B39B076FEA}.Debug|x86.Build.0 = Debug|x86
		{C035923D-0A16-4548-AC20-25B39B076FEA}.Release|x86.ActiveCfg = Release|x86
		{C035923D-0A16-4548-AC20-25B39B076FEA}.Release|x86.Build.0 = Release|x86
		{02C87092-F1D8-487F-822E-249053741B9F}.Debug|x86.ActiveCfg = Debug|x86
		{02C87092-F1D8-487F-822E-249053741B9F}.Debug|x86.Build.0 = Debug|x86
		{02C87092-F1D8-487F-822E-249053741B9F}.Release|x86.ActiveCfg = Release|x86
		{02C87092-F1D8-487F-822E-249053741B9F}.Release|x86.Build.0 = Release|x86
		{1EAB5502-B304-494A-872E-4D72ACDDE177}.Debug|x86.ActiveCfg = Debug|x86
		{1EAB5502-B304-494A-872E-4D72ACDDE177}.Debug|x86.Build.0 = Debug|x86
		{1EAB5502-B304-494A-872E-4D72ACDDE177}.Release|x86.ActiveCfg = Release|x86
		{1EAB5502-B304-494A-872E-4D72ACDDE177}.Release|x86.Build.0 = Release|x86
		{3D016440-6691-453E-8B95-83A8AE398012}.Debug|x86.ActiveCfg = Debug|x86
		{3D016440-6691-453E-8B95-83A8AE398012}.Debug|x86.Build.0 = Debug|x86
		{3D016440-6691-453E-8B95-83A8AE398012}.Release|x86.ActiveCfg = Release|x86
		{3D016440-6691-453E-8B95-83A8AE398012}.Release|x86.Build.0 = Release|x86
	EndGlobalSection
	GlobalSection(SolutionProperties) = preSolution
		HideSolutionNode = FALSE
	EndGlobalSection
EndGlobal
