
Microsoft Visual Studio Solution File, Format Version 12.00
# Visual Studio 2012
Project("{FAE04EC0-301F-11D3-BF4B-00C04F79EFBC}") = "ProductsDBMySQL.Data", "ProductsDBMySQL.Data\ProductsDBMySQL.Data.csproj", "{C50145E6-A244-4F1F-B41F-90D1925B4A00}"
EndProject
Project("{FAE04EC0-301F-11D3-BF4B-00C04F79EFBC}") = "ProductsDB.Client", "ProductsDB.Client\ProductsDB.Client.csproj", "{52205D5B-8B88-40C0-8EA1-83A29E95DE0F}"
EndProject
Project("{FAE04EC0-301F-11D3-BF4B-00C04F79EFBC}") = "ProductsDB.Model", "ProductsDB.Model\ProductsDB.Model.csproj", "{896CD485-BDB8-4AEE-ACD2-923B9D8385DA}"
EndProject
Project("{FAE04EC0-301F-11D3-BF4B-00C04F79EFBC}") = "ProductsDB.Data", "ProductsDB.Data\ProductsDB.Data.csproj", "{EEE1CDA8-DC8A-477F-8702-68E07BFB79FF}"
EndProject
Global
	GlobalSection(SolutionConfigurationPlatforms) = preSolution
		Debug|Any CPU = Debug|Any CPU
		Release|Any CPU = Release|Any CPU
	EndGlobalSection
	GlobalSection(ProjectConfigurationPlatforms) = postSolution
		{C50145E6-A244-4F1F-B41F-90D1925B4A00}.Debug|Any CPU.ActiveCfg = Debug|Any CPU
		{C50145E6-A244-4F1F-B41F-90D1925B4A00}.Debug|Any CPU.Build.0 = Debug|Any CPU
		{C50145E6-A244-4F1F-B41F-90D1925B4A00}.Release|Any CPU.ActiveCfg = Release|Any CPU
		{C50145E6-A244-4F1F-B41F-90D1925B4A00}.Release|Any CPU.Build.0 = Release|Any CPU
		{52205D5B-8B88-40C0-8EA1-83A29E95DE0F}.Debug|Any CPU.ActiveCfg = Debug|Any CPU
		{52205D5B-8B88-40C0-8EA1-83A29E95DE0F}.Debug|Any CPU.Build.0 = Debug|Any CPU
		{52205D5B-8B88-40C0-8EA1-83A29E95DE0F}.Release|Any CPU.ActiveCfg = Release|Any CPU
		{52205D5B-8B88-40C0-8EA1-83A29E95DE0F}.Release|Any CPU.Build.0 = Release|Any CPU
		{896CD485-BDB8-4AEE-ACD2-923B9D8385DA}.Debug|Any CPU.ActiveCfg = Debug|Any CPU
		{896CD485-BDB8-4AEE-ACD2-923B9D8385DA}.Debug|Any CPU.Build.0 = Debug|Any CPU
		{896CD485-BDB8-4AEE-ACD2-923B9D8385DA}.Release|Any CPU.ActiveCfg = Release|Any CPU
		{896CD485-BDB8-4AEE-ACD2-923B9D8385DA}.Release|Any CPU.Build.0 = Release|Any CPU
		{EEE1CDA8-DC8A-477F-8702-68E07BFB79FF}.Debug|Any CPU.ActiveCfg = Debug|Any CPU
		{EEE1CDA8-DC8A-477F-8702-68E07BFB79FF}.Debug|Any CPU.Build.0 = Debug|Any CPU
		{EEE1CDA8-DC8A-477F-8702-68E07BFB79FF}.Release|Any CPU.ActiveCfg = Release|Any CPU
		{EEE1CDA8-DC8A-477F-8702-68E07BFB79FF}.Release|Any CPU.Build.0 = Release|Any CPU
	EndGlobalSection
	GlobalSection(SolutionProperties) = preSolution
		HideSolutionNode = FALSE
	EndGlobalSection
EndGlobal
