
Microsoft Visual Studio Solution File, Format Version 12.00
# Visual Studio 2012
Project("{FAE04EC0-301F-11D3-BF4B-00C04F79EFBC}") = "[JS2] OOP", "[JS2] OOP\[JS2] OOP.csproj", "{CDF255A6-860F-4209-AFA7-03C4381E7B85}"
EndProject
Global
	GlobalSection(TeamFoundationVersionControl) = preSolution
		SccNumberOfProjects = 2
		SccEnterpriseProvider = {4CA58AB2-18FA-4F8D-95D4-32DDF27D184C}
		SccTeamFoundationServer = https://ramiamaire.visualstudio.com/defaultcollection
		SccLocalPath0 = .
		SccProjectUniqueName1 = [JS2]\u0020OOP\\[JS2]\u0020OOP.csproj
		SccProjectName1 = [JS2]\u0020OOP
		SccLocalPath1 = [JS2]\u0020OOP
	EndGlobalSection
	GlobalSection(SolutionConfigurationPlatforms) = preSolution
		Debug|Any CPU = Debug|Any CPU
		Release|Any CPU = Release|Any CPU
	EndGlobalSection
	GlobalSection(ProjectConfigurationPlatforms) = postSolution
		{CDF255A6-860F-4209-AFA7-03C4381E7B85}.Debug|Any CPU.ActiveCfg = Debug|Any CPU
		{CDF255A6-860F-4209-AFA7-03C4381E7B85}.Debug|Any CPU.Build.0 = Debug|Any CPU
		{CDF255A6-860F-4209-AFA7-03C4381E7B85}.Release|Any CPU.ActiveCfg = Release|Any CPU
		{CDF255A6-860F-4209-AFA7-03C4381E7B85}.Release|Any CPU.Build.0 = Release|Any CPU
	EndGlobalSection
	GlobalSection(SolutionProperties) = preSolution
		HideSolutionNode = FALSE
	EndGlobalSection
EndGlobal
