
Microsoft Visual Studio Solution File, Format Version 12.00
# Visual Studio 2012
Project("{FAE04EC0-301F-11D3-BF4B-00C04F79EFBC}") = "Tastk1", "Testing\Tastk1.csproj", "{4A325629-75DD-4ED4-A550-F247DF0C1EBA}"
EndProject
Project("{FAE04EC0-301F-11D3-BF4B-00C04F79EFBC}") = "Task2", "Task2\Task2.csproj", "{792E9351-B075-48B3-8FB6-0C60A0B54CD2}"
EndProject
Global
	GlobalSection(TeamFoundationVersionControl) = preSolution
		SccNumberOfProjects = 3
		SccEnterpriseProvider = {4CA58AB2-18FA-4F8D-95D4-32DDF27D184C}
		SccTeamFoundationServer = https://ramiamaire.visualstudio.com/defaultcollection
		SccLocalPath0 = .
		SccProjectUniqueName1 = Testing\\Tastk1.csproj
		SccProjectName1 = Testing
		SccLocalPath1 = Testing
		SccProjectUniqueName2 = Task2\\Task2.csproj
		SccProjectName2 = Task2
		SccLocalPath2 = Task2
	EndGlobalSection
	GlobalSection(SolutionConfigurationPlatforms) = preSolution
		Debug|Any CPU = Debug|Any CPU
		Release|Any CPU = Release|Any CPU
	EndGlobalSection
	GlobalSection(ProjectConfigurationPlatforms) = postSolution
		{4A325629-75DD-4ED4-A550-F247DF0C1EBA}.Debug|Any CPU.ActiveCfg = Debug|Any CPU
		{4A325629-75DD-4ED4-A550-F247DF0C1EBA}.Debug|Any CPU.Build.0 = Debug|Any CPU
		{4A325629-75DD-4ED4-A550-F247DF0C1EBA}.Release|Any CPU.ActiveCfg = Release|Any CPU
		{4A325629-75DD-4ED4-A550-F247DF0C1EBA}.Release|Any CPU.Build.0 = Release|Any CPU
		{792E9351-B075-48B3-8FB6-0C60A0B54CD2}.Debug|Any CPU.ActiveCfg = Debug|Any CPU
		{792E9351-B075-48B3-8FB6-0C60A0B54CD2}.Debug|Any CPU.Build.0 = Debug|Any CPU
		{792E9351-B075-48B3-8FB6-0C60A0B54CD2}.Release|Any CPU.ActiveCfg = Release|Any CPU
		{792E9351-B075-48B3-8FB6-0C60A0B54CD2}.Release|Any CPU.Build.0 = Release|Any CPU
	EndGlobalSection
	GlobalSection(SolutionProperties) = preSolution
		HideSolutionNode = FALSE
	EndGlobalSection
EndGlobal
