
Microsoft Visual Studio Solution File, Format Version 12.00
# Visual Studio 2012
Project("{FAE04EC0-301F-11D3-BF4B-00C04F79EFBC}") = "1. ImplementingPriorityQueue", "ImplementingPriorityQueue\1. ImplementingPriorityQueue.csproj", "{26E2A7B1-549E-4096-83E4-E1B8EA306FB1}"
EndProject
Project("{FAE04EC0-301F-11D3-BF4B-00C04F79EFBC}") = "2. ProductsOperations", "2. ProductsOperations\2. ProductsOperations.csproj", "{0C8D1A69-F7A9-4852-9680-F5F78B0B81D0}"
EndProject
Global
	GlobalSection(SolutionConfigurationPlatforms) = preSolution
		Debug|Any CPU = Debug|Any CPU
		Release|Any CPU = Release|Any CPU
	EndGlobalSection
	GlobalSection(ProjectConfigurationPlatforms) = postSolution
		{26E2A7B1-549E-4096-83E4-E1B8EA306FB1}.Debug|Any CPU.ActiveCfg = Debug|Any CPU
		{26E2A7B1-549E-4096-83E4-E1B8EA306FB1}.Debug|Any CPU.Build.0 = Debug|Any CPU
		{26E2A7B1-549E-4096-83E4-E1B8EA306FB1}.Release|Any CPU.ActiveCfg = Release|Any CPU
		{26E2A7B1-549E-4096-83E4-E1B8EA306FB1}.Release|Any CPU.Build.0 = Release|Any CPU
		{0C8D1A69-F7A9-4852-9680-F5F78B0B81D0}.Debug|Any CPU.ActiveCfg = Debug|Any CPU
		{0C8D1A69-F7A9-4852-9680-F5F78B0B81D0}.Debug|Any CPU.Build.0 = Debug|Any CPU
		{0C8D1A69-F7A9-4852-9680-F5F78B0B81D0}.Release|Any CPU.ActiveCfg = Release|Any CPU
		{0C8D1A69-F7A9-4852-9680-F5F78B0B81D0}.Release|Any CPU.Build.0 = Release|Any CPU
	EndGlobalSection
	GlobalSection(SolutionProperties) = preSolution
		HideSolutionNode = FALSE
	EndGlobalSection
EndGlobal
