
Microsoft Visual Studio Solution File, Format Version 12.00
# Visual Studio 2012
Project("{FAE04EC0-301F-11D3-BF4B-00C04F79EFBC}") = "2. SchoolRepositoryClassical", "1. SchoolRepository\2. SchoolRepositoryClassical.csproj", "{B21AB6A3-AE74-4FCA-BAA0-287A4096672E}"
EndProject
Project("{FAE04EC0-301F-11D3-BF4B-00C04F79EFBC}") = "1. SchoolRepositoryPrototypal", "1. SchoolRepositoryPrototypal\1. SchoolRepositoryPrototypal.csproj", "{A6A73974-6D99-4C6A-B6C0-F4C6C3426C7C}"
EndProject
Project("{FAE04EC0-301F-11D3-BF4B-00C04F79EFBC}") = "3. ImageSlider", "3. ImageSlider\3. ImageSlider.csproj", "{9BBEE0DF-1B19-4A13-88A4-37447116CC16}"
EndProject
Project("{FAE04EC0-301F-11D3-BF4B-00C04F79EFBC}") = "4. FavouritesBar", "4. FavouritesBar\4. FavouritesBar.csproj", "{E6146AE0-2441-4195-8A23-53F20CC2791E}"
EndProject
Global
	GlobalSection(SolutionConfigurationPlatforms) = preSolution
		Debug|Any CPU = Debug|Any CPU
		Release|Any CPU = Release|Any CPU
	EndGlobalSection
	GlobalSection(ProjectConfigurationPlatforms) = postSolution
		{B21AB6A3-AE74-4FCA-BAA0-287A4096672E}.Debug|Any CPU.ActiveCfg = Debug|Any CPU
		{B21AB6A3-AE74-4FCA-BAA0-287A4096672E}.Debug|Any CPU.Build.0 = Debug|Any CPU
		{B21AB6A3-AE74-4FCA-BAA0-287A4096672E}.Release|Any CPU.ActiveCfg = Release|Any CPU
		{B21AB6A3-AE74-4FCA-BAA0-287A4096672E}.Release|Any CPU.Build.0 = Release|Any CPU
		{A6A73974-6D99-4C6A-B6C0-F4C6C3426C7C}.Debug|Any CPU.ActiveCfg = Debug|Any CPU
		{A6A73974-6D99-4C6A-B6C0-F4C6C3426C7C}.Debug|Any CPU.Build.0 = Debug|Any CPU
		{A6A73974-6D99-4C6A-B6C0-F4C6C3426C7C}.Release|Any CPU.ActiveCfg = Release|Any CPU
		{A6A73974-6D99-4C6A-B6C0-F4C6C3426C7C}.Release|Any CPU.Build.0 = Release|Any CPU
		{9BBEE0DF-1B19-4A13-88A4-37447116CC16}.Debug|Any CPU.ActiveCfg = Debug|Any CPU
		{9BBEE0DF-1B19-4A13-88A4-37447116CC16}.Debug|Any CPU.Build.0 = Debug|Any CPU
		{9BBEE0DF-1B19-4A13-88A4-37447116CC16}.Release|Any CPU.ActiveCfg = Release|Any CPU
		{9BBEE0DF-1B19-4A13-88A4-37447116CC16}.Release|Any CPU.Build.0 = Release|Any CPU
		{E6146AE0-2441-4195-8A23-53F20CC2791E}.Debug|Any CPU.ActiveCfg = Debug|Any CPU
		{E6146AE0-2441-4195-8A23-53F20CC2791E}.Debug|Any CPU.Build.0 = Debug|Any CPU
		{E6146AE0-2441-4195-8A23-53F20CC2791E}.Release|Any CPU.ActiveCfg = Release|Any CPU
		{E6146AE0-2441-4195-8A23-53F20CC2791E}.Release|Any CPU.Build.0 = Release|Any CPU
	EndGlobalSection
	GlobalSection(SolutionProperties) = preSolution
		HideSolutionNode = FALSE
	EndGlobalSection
EndGlobal
