
Microsoft Visual Studio Solution File, Format Version 12.00
# Visual Studio 2012
Project("{FAE04EC0-301F-11D3-BF4B-00C04F79EFBC}") = "2. Exceptions", "2. Exceptions\2. Exceptions.csproj", "{8FBA74F0-0801-4FF9-91AE-3D2D4934EE62}"
EndProject
Project("{FAE04EC0-301F-11D3-BF4B-00C04F79EFBC}") = "1. Assertions", "1. Assertions\1. Assertions.csproj", "{EE46FAE4-00FD-4449-B53F-082A2EC1D4DE}"
EndProject
Global
	GlobalSection(SolutionConfigurationPlatforms) = preSolution
		Debug|Any CPU = Debug|Any CPU
		Release|Any CPU = Release|Any CPU
	EndGlobalSection
	GlobalSection(ProjectConfigurationPlatforms) = postSolution
		{8FBA74F0-0801-4FF9-91AE-3D2D4934EE62}.Debug|Any CPU.ActiveCfg = Debug|Any CPU
		{8FBA74F0-0801-4FF9-91AE-3D2D4934EE62}.Debug|Any CPU.Build.0 = Debug|Any CPU
		{8FBA74F0-0801-4FF9-91AE-3D2D4934EE62}.Release|Any CPU.ActiveCfg = Release|Any CPU
		{8FBA74F0-0801-4FF9-91AE-3D2D4934EE62}.Release|Any CPU.Build.0 = Release|Any CPU
		{EE46FAE4-00FD-4449-B53F-082A2EC1D4DE}.Debug|Any CPU.ActiveCfg = Debug|Any CPU
		{EE46FAE4-00FD-4449-B53F-082A2EC1D4DE}.Debug|Any CPU.Build.0 = Debug|Any CPU
		{EE46FAE4-00FD-4449-B53F-082A2EC1D4DE}.Release|Any CPU.ActiveCfg = Release|Any CPU
		{EE46FAE4-00FD-4449-B53F-082A2EC1D4DE}.Release|Any CPU.Build.0 = Release|Any CPU
	EndGlobalSection
	GlobalSection(SolutionProperties) = preSolution
		HideSolutionNode = FALSE
	EndGlobalSection
EndGlobal
