
Microsoft Visual Studio Solution File, Format Version 12.00
# Visual Studio 2012
Project("{FAE04EC0-301F-11D3-BF4B-00C04F79EFBC}") = "1. FindingAllConnectedGraphs", "1. FindingAllConnectedGraphs\1. FindingAllConnectedGraphs.csproj", "{D83ECB5A-2159-41DA-A1E7-F742BD8A1E40}"
EndProject
Project("{FAE04EC0-301F-11D3-BF4B-00C04F79EFBC}") = "2. Dijkstra's Algorithm", "ImplementingGraphWithConnection\2. Dijkstra's Algorithm.csproj", "{BCC317C0-B649-4AF6-83FE-8FA34F1716AA}"
EndProject
Project("{FAE04EC0-301F-11D3-BF4B-00C04F79EFBC}") = "3. TopologicalSorting", "3. TopologicalSorting\3. TopologicalSorting.csproj", "{35494D0F-030E-488A-A584-2E6446EE8029}"
EndProject
Project("{FAE04EC0-301F-11D3-BF4B-00C04F79EFBC}") = "4. Prim's Algorithm", "4. FindingMinimumSpanningTree\4. Prim's Algorithm.csproj", "{3C129DDB-E82E-42E8-9818-A5DBBB473644}"
EndProject
Project("{FAE04EC0-301F-11D3-BF4B-00C04F79EFBC}") = "5. Pesho's Friends", "6. Pesho's Friends Again\5. Pesho's Friends.csproj", "{9A68852B-8E93-4E56-BCAB-61738FE0E04A}"
EndProject
Project("{FAE04EC0-301F-11D3-BF4B-00C04F79EFBC}") = "6. Salaries", "6. Salaries\6. Salaries.csproj", "{15F80EE4-A6BB-4365-90BC-0359D5DA3B49}"
EndProject
Project("{FAE04EC0-301F-11D3-BF4B-00C04F79EFBC}") = "7. RiskWinsRiskLoses", "7. RiskWinsRiskLoses\7. RiskWinsRiskLoses.csproj", "{2260D0DC-090B-40FE-AB7E-52E698980F70}"
EndProject
Project("{FAE04EC0-301F-11D3-BF4B-00C04F79EFBC}") = "8. MaximalPath", "8. MaximalPath\8. MaximalPath.csproj", "{76791768-0F94-42F8-BC1B-5CF8A24AA627}"
EndProject
Project("{FAE04EC0-301F-11D3-BF4B-00C04F79EFBC}") = "9. LinkedOUT", "9. LinkedIN\9. LinkedOUT.csproj", "{6F556077-5CA4-479E-B28F-129AB0BABA64}"
EndProject
Project("{FAE04EC0-301F-11D3-BF4B-00C04F79EFBC}") = "10. Energo", "Testing\10. Energo.csproj", "{8E8B7BAB-8159-46CF-ABBC-7C478387EF9F}"
EndProject
Project("{FAE04EC0-301F-11D3-BF4B-00C04F79EFBC}") = "11. Lastici", "11. Lastici\11. Lastici.csproj", "{CA007140-C312-40C2-8AA8-2367EE3756EF}"
EndProject
Global
	GlobalSection(SolutionConfigurationPlatforms) = preSolution
		Debug|Any CPU = Debug|Any CPU
		Release|Any CPU = Release|Any CPU
	EndGlobalSection
	GlobalSection(ProjectConfigurationPlatforms) = postSolution
		{D83ECB5A-2159-41DA-A1E7-F742BD8A1E40}.Debug|Any CPU.ActiveCfg = Debug|Any CPU
		{D83ECB5A-2159-41DA-A1E7-F742BD8A1E40}.Debug|Any CPU.Build.0 = Debug|Any CPU
		{D83ECB5A-2159-41DA-A1E7-F742BD8A1E40}.Release|Any CPU.ActiveCfg = Release|Any CPU
		{D83ECB5A-2159-41DA-A1E7-F742BD8A1E40}.Release|Any CPU.Build.0 = Release|Any CPU
		{BCC317C0-B649-4AF6-83FE-8FA34F1716AA}.Debug|Any CPU.ActiveCfg = Debug|Any CPU
		{BCC317C0-B649-4AF6-83FE-8FA34F1716AA}.Debug|Any CPU.Build.0 = Debug|Any CPU
		{BCC317C0-B649-4AF6-83FE-8FA34F1716AA}.Release|Any CPU.ActiveCfg = Release|Any CPU
		{BCC317C0-B649-4AF6-83FE-8FA34F1716AA}.Release|Any CPU.Build.0 = Release|Any CPU
		{35494D0F-030E-488A-A584-2E6446EE8029}.Debug|Any CPU.ActiveCfg = Debug|Any CPU
		{35494D0F-030E-488A-A584-2E6446EE8029}.Debug|Any CPU.Build.0 = Debug|Any CPU
		{35494D0F-030E-488A-A584-2E6446EE8029}.Release|Any CPU.ActiveCfg = Release|Any CPU
		{35494D0F-030E-488A-A584-2E6446EE8029}.Release|Any CPU.Build.0 = Release|Any CPU
		{3C129DDB-E82E-42E8-9818-A5DBBB473644}.Debug|Any CPU.ActiveCfg = Debug|Any CPU
		{3C129DDB-E82E-42E8-9818-A5DBBB473644}.Debug|Any CPU.Build.0 = Debug|Any CPU
		{3C129DDB-E82E-42E8-9818-A5DBBB473644}.Release|Any CPU.ActiveCfg = Release|Any CPU
		{3C129DDB-E82E-42E8-9818-A5DBBB473644}.Release|Any CPU.Build.0 = Release|Any CPU
		{9A68852B-8E93-4E56-BCAB-61738FE0E04A}.Debug|Any CPU.ActiveCfg = Debug|Any CPU
		{9A68852B-8E93-4E56-BCAB-61738FE0E04A}.Debug|Any CPU.Build.0 = Debug|Any CPU
		{9A68852B-8E93-4E56-BCAB-61738FE0E04A}.Release|Any CPU.ActiveCfg = Release|Any CPU
		{9A68852B-8E93-4E56-BCAB-61738FE0E04A}.Release|Any CPU.Build.0 = Release|Any CPU
		{15F80EE4-A6BB-4365-90BC-0359D5DA3B49}.Debug|Any CPU.ActiveCfg = Debug|Any CPU
		{15F80EE4-A6BB-4365-90BC-0359D5DA3B49}.Debug|Any CPU.Build.0 = Debug|Any CPU
		{15F80EE4-A6BB-4365-90BC-0359D5DA3B49}.Release|Any CPU.ActiveCfg = Release|Any CPU
		{15F80EE4-A6BB-4365-90BC-0359D5DA3B49}.Release|Any CPU.Build.0 = Release|Any CPU
		{2260D0DC-090B-40FE-AB7E-52E698980F70}.Debug|Any CPU.ActiveCfg = Debug|Any CPU
		{2260D0DC-090B-40FE-AB7E-52E698980F70}.Debug|Any CPU.Build.0 = Debug|Any CPU
		{2260D0DC-090B-40FE-AB7E-52E698980F70}.Release|Any CPU.ActiveCfg = Release|Any CPU
		{2260D0DC-090B-40FE-AB7E-52E698980F70}.Release|Any CPU.Build.0 = Release|Any CPU
		{76791768-0F94-42F8-BC1B-5CF8A24AA627}.Debug|Any CPU.ActiveCfg = Debug|Any CPU
		{76791768-0F94-42F8-BC1B-5CF8A24AA627}.Debug|Any CPU.Build.0 = Debug|Any CPU
		{76791768-0F94-42F8-BC1B-5CF8A24AA627}.Release|Any CPU.ActiveCfg = Release|Any CPU
		{76791768-0F94-42F8-BC1B-5CF8A24AA627}.Release|Any CPU.Build.0 = Release|Any CPU
		{6F556077-5CA4-479E-B28F-129AB0BABA64}.Debug|Any CPU.ActiveCfg = Debug|Any CPU
		{6F556077-5CA4-479E-B28F-129AB0BABA64}.Debug|Any CPU.Build.0 = Debug|Any CPU
		{6F556077-5CA4-479E-B28F-129AB0BABA64}.Release|Any CPU.ActiveCfg = Release|Any CPU
		{6F556077-5CA4-479E-B28F-129AB0BABA64}.Release|Any CPU.Build.0 = Release|Any CPU
		{8E8B7BAB-8159-46CF-ABBC-7C478387EF9F}.Debug|Any CPU.ActiveCfg = Debug|Any CPU
		{8E8B7BAB-8159-46CF-ABBC-7C478387EF9F}.Debug|Any CPU.Build.0 = Debug|Any CPU
		{8E8B7BAB-8159-46CF-ABBC-7C478387EF9F}.Release|Any CPU.ActiveCfg = Release|Any CPU
		{8E8B7BAB-8159-46CF-ABBC-7C478387EF9F}.Release|Any CPU.Build.0 = Release|Any CPU
		{CA007140-C312-40C2-8AA8-2367EE3756EF}.Debug|Any CPU.ActiveCfg = Debug|Any CPU
		{CA007140-C312-40C2-8AA8-2367EE3756EF}.Debug|Any CPU.Build.0 = Debug|Any CPU
		{CA007140-C312-40C2-8AA8-2367EE3756EF}.Release|Any CPU.ActiveCfg = Release|Any CPU
		{CA007140-C312-40C2-8AA8-2367EE3756EF}.Release|Any CPU.Build.0 = Release|Any CPU
	EndGlobalSection
	GlobalSection(SolutionProperties) = preSolution
		HideSolutionNode = FALSE
	EndGlobalSection
EndGlobal
